
Microsoft Visual Studio Solution File, Format Version 12.00
# Visual Studio Version 17
VisualStudioVersion = 17.0.31903.59
MinimumVisualStudioVersion = 10.0.40219.1
Project("{FAE04EC0-301F-11D3-BF4B-00C04F79EFBC}") = "CarAuctionApp.Application", "CarAuctionApp.Application\CarAuctionApp.Application.csproj", "{67D4C03A-595E-42AD-BB0A-18DC4185B606}"
EndProject
Project("{FAE04EC0-301F-11D3-BF4B-00C04F79EFBC}") = "CarAuctionApp.Domain", "CarAuctionApp.Domain\CarAuctionApp.Domain.csproj", "{44CA4A85-58DD-417F-B795-9C7F4F0C6CF1}"
EndProject
Project("{FAE04EC0-301F-11D3-BF4B-00C04F79EFBC}") = "CarAuctionApp.Infrastructure", "CarAuctionApp.Infrastructure\CarAuctionApp.Infrastructure.csproj", "{4B7759B6-6F68-441A-9D2A-42D8FCFB7239}"
EndProject
Project("{FAE04EC0-301F-11D3-BF4B-00C04F79EFBC}") = "CarAuctionApp.WebApi", "CarAuctionApp.WebApi\CarAuctionApp.WebApi.csproj", "{1CD62A97-06F6-4A67-BDA8-E46A82EF552F}"
EndProject
Project("{2150E333-8FDC-42A3-9474-1A3956D46DE8}") = "src", "src", "{BBF80152-27B8-47FA-BB0E-8A611033214C}"
EndProject
Project("{FAE04EC0-301F-11D3-BF4B-00C04F79EFBC}") = "CarAuctionApp.Persistence", "CarAuctionApp.Persistence\CarAuctionApp.Persistence.csproj", "{67B07549-DB02-45FA-B29F-FE878AE63F5F}"
EndProject
Project("{2150E333-8FDC-42A3-9474-1A3956D46DE8}") = "tests", "tests", "{C466BC97-8BE1-4F4B-B8A8-A368CA2D1876}"
EndProject
Project("{FAE04EC0-301F-11D3-BF4B-00C04F79EFBC}") = "CarAuctionApp.Domain.UnitTests", "..\tests\CarAuctionApp.Domain.UnitTests\CarAuctionApp.Domain.UnitTests.csproj", "{DF29EE6D-D73F-4F0F-B438-E0CE00E1265B}"
EndProject
Project("{E53339B2-1760-4266-BCC7-CA923CBCF16C}") = "docker-compose", "docker-compose.dcproj", "{430B6523-1E5C-44E2-906E-072EF7856A5F}"
EndProject
Project("{FAE04EC0-301F-11D3-BF4B-00C04F79EFBC}") = "CarAuctionApp.SharedKernel", "CarAuctionApp.SharedKernel\CarAuctionApp.SharedKernel.csproj", "{6729571A-31E4-4949-B659-F79B2AEC7568}"
EndProject
Project("{FAE04EC0-301F-11D3-BF4B-00C04F79EFBC}") = "CarAuctionApp.Persistence.UnitTests", "..\tests\CarAuctionApp.Persistence.UnitTests\CarAuctionApp.Persistence.UnitTests.csproj", "{6C4BDB1B-50E6-4F65-B2F4-5B68ED608B17}"
EndProject
Global
	GlobalSection(SolutionConfigurationPlatforms) = preSolution
		Debug|Any CPU = Debug|Any CPU
		Release|Any CPU = Release|Any CPU
	EndGlobalSection
	GlobalSection(ProjectConfigurationPlatforms) = postSolution
		{67D4C03A-595E-42AD-BB0A-18DC4185B606}.Debug|Any CPU.ActiveCfg = Debug|Any CPU
		{67D4C03A-595E-42AD-BB0A-18DC4185B606}.Debug|Any CPU.Build.0 = Debug|Any CPU
		{67D4C03A-595E-42AD-BB0A-18DC4185B606}.Release|Any CPU.ActiveCfg = Release|Any CPU
		{67D4C03A-595E-42AD-BB0A-18DC4185B606}.Release|Any CPU.Build.0 = Release|Any CPU
		{44CA4A85-58DD-417F-B795-9C7F4F0C6CF1}.Debug|Any CPU.ActiveCfg = Debug|Any CPU
		{44CA4A85-58DD-417F-B795-9C7F4F0C6CF1}.Debug|Any CPU.Build.0 = Debug|Any CPU
		{44CA4A85-58DD-417F-B795-9C7F4F0C6CF1}.Release|Any CPU.ActiveCfg = Release|Any CPU
		{44CA4A85-58DD-417F-B795-9C7F4F0C6CF1}.Release|Any CPU.Build.0 = Release|Any CPU
		{4B7759B6-6F68-441A-9D2A-42D8FCFB7239}.Debug|Any CPU.ActiveCfg = Debug|Any CPU
		{4B7759B6-6F68-441A-9D2A-42D8FCFB7239}.Debug|Any CPU.Build.0 = Debug|Any CPU
		{4B7759B6-6F68-441A-9D2A-42D8FCFB7239}.Release|Any CPU.ActiveCfg = Release|Any CPU
		{4B7759B6-6F68-441A-9D2A-42D8FCFB7239}.Release|Any CPU.Build.0 = Release|Any CPU
		{1CD62A97-06F6-4A67-BDA8-E46A82EF552F}.Debug|Any CPU.ActiveCfg = Debug|Any CPU
		{1CD62A97-06F6-4A67-BDA8-E46A82EF552F}.Debug|Any CPU.Build.0 = Debug|Any CPU
		{1CD62A97-06F6-4A67-BDA8-E46A82EF552F}.Release|Any CPU.ActiveCfg = Release|Any CPU
		{1CD62A97-06F6-4A67-BDA8-E46A82EF552F}.Release|Any CPU.Build.0 = Release|Any CPU
		{67B07549-DB02-45FA-B29F-FE878AE63F5F}.Debug|Any CPU.ActiveCfg = Debug|Any CPU
		{67B07549-DB02-45FA-B29F-FE878AE63F5F}.Debug|Any CPU.Build.0 = Debug|Any CPU
		{67B07549-DB02-45FA-B29F-FE878AE63F5F}.Release|Any CPU.ActiveCfg = Release|Any CPU
		{67B07549-DB02-45FA-B29F-FE878AE63F5F}.Release|Any CPU.Build.0 = Release|Any CPU
		{DF29EE6D-D73F-4F0F-B438-E0CE00E1265B}.Debug|Any CPU.ActiveCfg = Debug|Any CPU
		{DF29EE6D-D73F-4F0F-B438-E0CE00E1265B}.Debug|Any CPU.Build.0 = Debug|Any CPU
		{DF29EE6D-D73F-4F0F-B438-E0CE00E1265B}.Release|Any CPU.ActiveCfg = Release|Any CPU
		{DF29EE6D-D73F-4F0F-B438-E0CE00E1265B}.Release|Any CPU.Build.0 = Release|Any CPU
		{430B6523-1E5C-44E2-906E-072EF7856A5F}.Debug|Any CPU.ActiveCfg = Debug|Any CPU
		{430B6523-1E5C-44E2-906E-072EF7856A5F}.Debug|Any CPU.Build.0 = Debug|Any CPU
		{430B6523-1E5C-44E2-906E-072EF7856A5F}.Release|Any CPU.ActiveCfg = Release|Any CPU
		{430B6523-1E5C-44E2-906E-072EF7856A5F}.Release|Any CPU.Build.0 = Release|Any CPU
		{6729571A-31E4-4949-B659-F79B2AEC7568}.Debug|Any CPU.ActiveCfg = Debug|Any CPU
		{6729571A-31E4-4949-B659-F79B2AEC7568}.Debug|Any CPU.Build.0 = Debug|Any CPU
		{6729571A-31E4-4949-B659-F79B2AEC7568}.Release|Any CPU.ActiveCfg = Release|Any CPU
		{6729571A-31E4-4949-B659-F79B2AEC7568}.Release|Any CPU.Build.0 = Release|Any CPU
		{6C4BDB1B-50E6-4F65-B2F4-5B68ED608B17}.Debug|Any CPU.ActiveCfg = Debug|Any CPU
		{6C4BDB1B-50E6-4F65-B2F4-5B68ED608B17}.Debug|Any CPU.Build.0 = Debug|Any CPU
		{6C4BDB1B-50E6-4F65-B2F4-5B68ED608B17}.Release|Any CPU.ActiveCfg = Release|Any CPU
		{6C4BDB1B-50E6-4F65-B2F4-5B68ED608B17}.Release|Any CPU.Build.0 = Release|Any CPU
	EndGlobalSection
	GlobalSection(SolutionProperties) = preSolution
		HideSolutionNode = FALSE
	EndGlobalSection
	GlobalSection(NestedProjects) = preSolution
		{67D4C03A-595E-42AD-BB0A-18DC4185B606} = {BBF80152-27B8-47FA-BB0E-8A611033214C}
		{44CA4A85-58DD-417F-B795-9C7F4F0C6CF1} = {BBF80152-27B8-47FA-BB0E-8A611033214C}
		{4B7759B6-6F68-441A-9D2A-42D8FCFB7239} = {BBF80152-27B8-47FA-BB0E-8A611033214C}
		{1CD62A97-06F6-4A67-BDA8-E46A82EF552F} = {BBF80152-27B8-47FA-BB0E-8A611033214C}
		{67B07549-DB02-45FA-B29F-FE878AE63F5F} = {BBF80152-27B8-47FA-BB0E-8A611033214C}
		{DF29EE6D-D73F-4F0F-B438-E0CE00E1265B} = {C466BC97-8BE1-4F4B-B8A8-A368CA2D1876}
		{6729571A-31E4-4949-B659-F79B2AEC7568} = {BBF80152-27B8-47FA-BB0E-8A611033214C}
		{6C4BDB1B-50E6-4F65-B2F4-5B68ED608B17} = {C466BC97-8BE1-4F4B-B8A8-A368CA2D1876}
	EndGlobalSection
EndGlobal
