
Microsoft Visual Studio Solution File, Format Version 12.00
# Visual Studio Version 17
VisualStudioVersion = 17.0.31903.59
MinimumVisualStudioVersion = 10.0.40219.1
Project("{FAE04EC0-301F-11D3-BF4B-00C04F79EFBC}") = "CarAuctionApp.Application", "app\CarAuctionApp.Application\CarAuctionApp.Application.csproj", "{67D4C03A-595E-42AD-BB0A-18DC4185B606}"
EndProject
Project("{FAE04EC0-301F-11D3-BF4B-00C04F79EFBC}") = "CarAuctionApp.Domain", "app\CarAuctionApp.Domain\CarAuctionApp.Domain.csproj", "{44CA4A85-58DD-417F-B795-9C7F4F0C6CF1}"
EndProject
Project("{FAE04EC0-301F-11D3-BF4B-00C04F79EFBC}") = "CarAuctionApp.Infrastructure", "app\CarAuctionApp.Infrastructure\CarAuctionApp.Infrastructure.csproj", "{4B7759B6-6F68-441A-9D2A-42D8FCFB7239}"
EndProject
Project("{FAE04EC0-301F-11D3-BF4B-00C04F79EFBC}") = "CarAuctionApp.WebApi", "app\CarAuctionApp.WebApi\CarAuctionApp.WebApi.csproj", "{1CD62A97-06F6-4A67-BDA8-E46A82EF552F}"
EndProject
Project("{2150E333-8FDC-42A3-9474-1A3956D46DE8}") = "src", "src", "{BBF80152-27B8-47FA-BB0E-8A611033214C}"
EndProject
Project("{FAE04EC0-301F-11D3-BF4B-00C04F79EFBC}") = "CarAuctionApp.Persistence", "app\CarAuctionApp.Persistence\CarAuctionApp.Persistence.csproj", "{67B07549-DB02-45FA-B29F-FE878AE63F5F}"
EndProject
Project("{2150E333-8FDC-42A3-9474-1A3956D46DE8}") = "tests", "tests", "{C466BC97-8BE1-4F4B-B8A8-A368CA2D1876}"
EndProject
Project("{FAE04EC0-301F-11D3-BF4B-00C04F79EFBC}") = "CarAuctionApp.Domain.UnitTests", "..\tests\CarAuctionApp.Domain.UnitTests\CarAuctionApp.Domain.UnitTests.csproj", "{DF29EE6D-D73F-4F0F-B438-E0CE00E1265B}"
EndProject
Project("{E53339B2-1760-4266-BCC7-CA923CBCF16C}") = "docker-compose", "docker\docker-compose.dcproj", "{430B6523-1E5C-44E2-906E-072EF7856A5F}"
EndProject
Project("{FAE04EC0-301F-11D3-BF4B-00C04F79EFBC}") = "CarAuctionApp.SharedKernel", "shared\CarAuctionApp.SharedKernel\CarAuctionApp.SharedKernel.csproj", "{6729571A-31E4-4949-B659-F79B2AEC7568}"
EndProject
Project("{FAE04EC0-301F-11D3-BF4B-00C04F79EFBC}") = "CarAuctionApp.Persistence.UnitTests", "..\tests\CarAuctionApp.Persistence.UnitTests\CarAuctionApp.Persistence.UnitTests.csproj", "{6C4BDB1B-50E6-4F65-B2F4-5B68ED608B17}"
EndProject
Project("{FAE04EC0-301F-11D3-BF4B-00C04F79EFBC}") = "CarAuctionApp.Infrastructure.UnitTests", "..\tests\CarAuctionApp.Infrastructure.UnitTests\CarAuctionApp.Infrastructure.UnitTests.csproj", "{2D4EAF9E-68BF-47AD-B8D2-6751B0369DBC}"
EndProject
Project("{FAE04EC0-301F-11D3-BF4B-00C04F79EFBC}") = "CarAuctionApp.TestUtilities", "..\tests\CarAuctionApp.TestUtilities\CarAuctionApp.TestUtilities.csproj", "{4A8E2109-1B45-4D77-AA40-8246D0856051}"
EndProject
Project("{FAE04EC0-301F-11D3-BF4B-00C04F79EFBC}") = "CarAuctionApp.Reporting.WebApi", "reporting\CarAuctionApp.Reporting.WebApi\CarAuctionApp.Reporting.WebApi.csproj", "{EFC17E6A-5DCA-4A72-9B4D-6F18E93C6F6D}"
EndProject
Project("{2150E333-8FDC-42A3-9474-1A3956D46DE8}") = "shared", "shared", "{79764597-E50C-47D3-8CD3-8C353882C63D}"
EndProject
Project("{2150E333-8FDC-42A3-9474-1A3956D46DE8}") = "app", "app", "{6D583BDC-46A7-4BC9-8D44-5924F9EE0CC2}"
EndProject
Project("{2150E333-8FDC-42A3-9474-1A3956D46DE8}") = "reporting", "reporting", "{9AABDAA8-E4F3-414C-AE60-9E6CEA9C45EB}"
EndProject
Project("{2150E333-8FDC-42A3-9474-1A3956D46DE8}") = "app", "app", "{754279A2-7571-42DF-94D2-2D18FE478D1D}"
EndProject
Project("{2150E333-8FDC-42A3-9474-1A3956D46DE8}") = "shared", "shared", "{BBFFFFA9-F4BC-4C84-9756-74FF2F582670}"
EndProject
Project("{FAE04EC0-301F-11D3-BF4B-00C04F79EFBC}") = "CarAuctionApp.Contracts", "shared\CarAuctionApp.Contracts\CarAuctionApp.Contracts.csproj", "{6B5FB1D3-A2B8-4014-8003-EBC7D4740FDC}"
EndProject
Project("{FAE04EC0-301F-11D3-BF4B-00C04F79EFBC}") = "CarAuctionApp.Reporting.Data", "reporting\CarAuctionApp.Reporting.Data\CarAuctionApp.Reporting.Data.csproj", "{7E1710B2-8BF3-48C5-B1F9-788B8BC5E39C}"
EndProject
Project("{FAE04EC0-301F-11D3-BF4B-00C04F79EFBC}") = "CarAuctionApp.Processor", "app\CarAuctionApp.Processor\CarAuctionApp.Processor.csproj", "{6FB9DE15-02E9-409C-8A20-6B17343AB920}"
EndProject
Project("{FAE04EC0-301F-11D3-BF4B-00C04F79EFBC}") = "CarAuctionApp.SharedKernel.Domain", "shared\CarAuctionApp.SharedKernel.Domain\CarAuctionApp.SharedKernel.Domain.csproj", "{0B569D10-8825-4F4C-820B-7822F3D83D36}"
EndProject
Global
	GlobalSection(SolutionConfigurationPlatforms) = preSolution
		Debug|Any CPU = Debug|Any CPU
		Release|Any CPU = Release|Any CPU
	EndGlobalSection
	GlobalSection(ProjectConfigurationPlatforms) = postSolution
		{67D4C03A-595E-42AD-BB0A-18DC4185B606}.Debug|Any CPU.ActiveCfg = Debug|Any CPU
		{67D4C03A-595E-42AD-BB0A-18DC4185B606}.Debug|Any CPU.Build.0 = Debug|Any CPU
		{67D4C03A-595E-42AD-BB0A-18DC4185B606}.Release|Any CPU.ActiveCfg = Release|Any CPU
		{67D4C03A-595E-42AD-BB0A-18DC4185B606}.Release|Any CPU.Build.0 = Release|Any CPU
		{44CA4A85-58DD-417F-B795-9C7F4F0C6CF1}.Debug|Any CPU.ActiveCfg = Debug|Any CPU
		{44CA4A85-58DD-417F-B795-9C7F4F0C6CF1}.Debug|Any CPU.Build.0 = Debug|Any CPU
		{44CA4A85-58DD-417F-B795-9C7F4F0C6CF1}.Release|Any CPU.ActiveCfg = Release|Any CPU
		{44CA4A85-58DD-417F-B795-9C7F4F0C6CF1}.Release|Any CPU.Build.0 = Release|Any CPU
		{4B7759B6-6F68-441A-9D2A-42D8FCFB7239}.Debug|Any CPU.ActiveCfg = Debug|Any CPU
		{4B7759B6-6F68-441A-9D2A-42D8FCFB7239}.Debug|Any CPU.Build.0 = Debug|Any CPU
		{4B7759B6-6F68-441A-9D2A-42D8FCFB7239}.Release|Any CPU.ActiveCfg = Release|Any CPU
		{4B7759B6-6F68-441A-9D2A-42D8FCFB7239}.Release|Any CPU.Build.0 = Release|Any CPU
		{1CD62A97-06F6-4A67-BDA8-E46A82EF552F}.Debug|Any CPU.ActiveCfg = Debug|Any CPU
		{1CD62A97-06F6-4A67-BDA8-E46A82EF552F}.Debug|Any CPU.Build.0 = Debug|Any CPU
		{1CD62A97-06F6-4A67-BDA8-E46A82EF552F}.Release|Any CPU.ActiveCfg = Release|Any CPU
		{1CD62A97-06F6-4A67-BDA8-E46A82EF552F}.Release|Any CPU.Build.0 = Release|Any CPU
		{67B07549-DB02-45FA-B29F-FE878AE63F5F}.Debug|Any CPU.ActiveCfg = Debug|Any CPU
		{67B07549-DB02-45FA-B29F-FE878AE63F5F}.Debug|Any CPU.Build.0 = Debug|Any CPU
		{67B07549-DB02-45FA-B29F-FE878AE63F5F}.Release|Any CPU.ActiveCfg = Release|Any CPU
		{67B07549-DB02-45FA-B29F-FE878AE63F5F}.Release|Any CPU.Build.0 = Release|Any CPU
		{DF29EE6D-D73F-4F0F-B438-E0CE00E1265B}.Debug|Any CPU.ActiveCfg = Debug|Any CPU
		{DF29EE6D-D73F-4F0F-B438-E0CE00E1265B}.Debug|Any CPU.Build.0 = Debug|Any CPU
		{DF29EE6D-D73F-4F0F-B438-E0CE00E1265B}.Release|Any CPU.ActiveCfg = Release|Any CPU
		{DF29EE6D-D73F-4F0F-B438-E0CE00E1265B}.Release|Any CPU.Build.0 = Release|Any CPU
		{430B6523-1E5C-44E2-906E-072EF7856A5F}.Debug|Any CPU.ActiveCfg = Debug|Any CPU
		{430B6523-1E5C-44E2-906E-072EF7856A5F}.Debug|Any CPU.Build.0 = Debug|Any CPU
		{430B6523-1E5C-44E2-906E-072EF7856A5F}.Release|Any CPU.ActiveCfg = Release|Any CPU
		{430B6523-1E5C-44E2-906E-072EF7856A5F}.Release|Any CPU.Build.0 = Release|Any CPU
		{6729571A-31E4-4949-B659-F79B2AEC7568}.Debug|Any CPU.ActiveCfg = Debug|Any CPU
		{6729571A-31E4-4949-B659-F79B2AEC7568}.Debug|Any CPU.Build.0 = Debug|Any CPU
		{6729571A-31E4-4949-B659-F79B2AEC7568}.Release|Any CPU.ActiveCfg = Release|Any CPU
		{6729571A-31E4-4949-B659-F79B2AEC7568}.Release|Any CPU.Build.0 = Release|Any CPU
		{6C4BDB1B-50E6-4F65-B2F4-5B68ED608B17}.Debug|Any CPU.ActiveCfg = Debug|Any CPU
		{6C4BDB1B-50E6-4F65-B2F4-5B68ED608B17}.Debug|Any CPU.Build.0 = Debug|Any CPU
		{6C4BDB1B-50E6-4F65-B2F4-5B68ED608B17}.Release|Any CPU.ActiveCfg = Release|Any CPU
		{6C4BDB1B-50E6-4F65-B2F4-5B68ED608B17}.Release|Any CPU.Build.0 = Release|Any CPU
		{2D4EAF9E-68BF-47AD-B8D2-6751B0369DBC}.Debug|Any CPU.ActiveCfg = Debug|Any CPU
		{2D4EAF9E-68BF-47AD-B8D2-6751B0369DBC}.Debug|Any CPU.Build.0 = Debug|Any CPU
		{2D4EAF9E-68BF-47AD-B8D2-6751B0369DBC}.Release|Any CPU.ActiveCfg = Release|Any CPU
		{2D4EAF9E-68BF-47AD-B8D2-6751B0369DBC}.Release|Any CPU.Build.0 = Release|Any CPU
		{4A8E2109-1B45-4D77-AA40-8246D0856051}.Debug|Any CPU.ActiveCfg = Debug|Any CPU
		{4A8E2109-1B45-4D77-AA40-8246D0856051}.Debug|Any CPU.Build.0 = Debug|Any CPU
		{4A8E2109-1B45-4D77-AA40-8246D0856051}.Release|Any CPU.ActiveCfg = Release|Any CPU
		{4A8E2109-1B45-4D77-AA40-8246D0856051}.Release|Any CPU.Build.0 = Release|Any CPU
		{EFC17E6A-5DCA-4A72-9B4D-6F18E93C6F6D}.Debug|Any CPU.ActiveCfg = Debug|Any CPU
		{EFC17E6A-5DCA-4A72-9B4D-6F18E93C6F6D}.Debug|Any CPU.Build.0 = Debug|Any CPU
		{EFC17E6A-5DCA-4A72-9B4D-6F18E93C6F6D}.Release|Any CPU.ActiveCfg = Release|Any CPU
		{EFC17E6A-5DCA-4A72-9B4D-6F18E93C6F6D}.Release|Any CPU.Build.0 = Release|Any CPU
		{6B5FB1D3-A2B8-4014-8003-EBC7D4740FDC}.Debug|Any CPU.ActiveCfg = Debug|Any CPU
		{6B5FB1D3-A2B8-4014-8003-EBC7D4740FDC}.Debug|Any CPU.Build.0 = Debug|Any CPU
		{6B5FB1D3-A2B8-4014-8003-EBC7D4740FDC}.Release|Any CPU.ActiveCfg = Release|Any CPU
		{6B5FB1D3-A2B8-4014-8003-EBC7D4740FDC}.Release|Any CPU.Build.0 = Release|Any CPU
		{7E1710B2-8BF3-48C5-B1F9-788B8BC5E39C}.Debug|Any CPU.ActiveCfg = Debug|Any CPU
		{7E1710B2-8BF3-48C5-B1F9-788B8BC5E39C}.Debug|Any CPU.Build.0 = Debug|Any CPU
		{7E1710B2-8BF3-48C5-B1F9-788B8BC5E39C}.Release|Any CPU.ActiveCfg = Release|Any CPU
		{7E1710B2-8BF3-48C5-B1F9-788B8BC5E39C}.Release|Any CPU.Build.0 = Release|Any CPU
		{6FB9DE15-02E9-409C-8A20-6B17343AB920}.Debug|Any CPU.ActiveCfg = Debug|Any CPU
		{6FB9DE15-02E9-409C-8A20-6B17343AB920}.Debug|Any CPU.Build.0 = Debug|Any CPU
		{6FB9DE15-02E9-409C-8A20-6B17343AB920}.Release|Any CPU.ActiveCfg = Release|Any CPU
		{6FB9DE15-02E9-409C-8A20-6B17343AB920}.Release|Any CPU.Build.0 = Release|Any CPU
		{0B569D10-8825-4F4C-820B-7822F3D83D36}.Debug|Any CPU.ActiveCfg = Debug|Any CPU
		{0B569D10-8825-4F4C-820B-7822F3D83D36}.Debug|Any CPU.Build.0 = Debug|Any CPU
		{0B569D10-8825-4F4C-820B-7822F3D83D36}.Release|Any CPU.ActiveCfg = Release|Any CPU
		{0B569D10-8825-4F4C-820B-7822F3D83D36}.Release|Any CPU.Build.0 = Release|Any CPU
	EndGlobalSection
	GlobalSection(SolutionProperties) = preSolution
		HideSolutionNode = FALSE
	EndGlobalSection
	GlobalSection(NestedProjects) = preSolution
		{67D4C03A-595E-42AD-BB0A-18DC4185B606} = {6D583BDC-46A7-4BC9-8D44-5924F9EE0CC2}
		{44CA4A85-58DD-417F-B795-9C7F4F0C6CF1} = {6D583BDC-46A7-4BC9-8D44-5924F9EE0CC2}
		{4B7759B6-6F68-441A-9D2A-42D8FCFB7239} = {6D583BDC-46A7-4BC9-8D44-5924F9EE0CC2}
		{1CD62A97-06F6-4A67-BDA8-E46A82EF552F} = {6D583BDC-46A7-4BC9-8D44-5924F9EE0CC2}
		{67B07549-DB02-45FA-B29F-FE878AE63F5F} = {6D583BDC-46A7-4BC9-8D44-5924F9EE0CC2}
		{DF29EE6D-D73F-4F0F-B438-E0CE00E1265B} = {754279A2-7571-42DF-94D2-2D18FE478D1D}
		{6729571A-31E4-4949-B659-F79B2AEC7568} = {79764597-E50C-47D3-8CD3-8C353882C63D}
		{6C4BDB1B-50E6-4F65-B2F4-5B68ED608B17} = {754279A2-7571-42DF-94D2-2D18FE478D1D}
		{2D4EAF9E-68BF-47AD-B8D2-6751B0369DBC} = {754279A2-7571-42DF-94D2-2D18FE478D1D}
		{4A8E2109-1B45-4D77-AA40-8246D0856051} = {BBFFFFA9-F4BC-4C84-9756-74FF2F582670}
		{EFC17E6A-5DCA-4A72-9B4D-6F18E93C6F6D} = {9AABDAA8-E4F3-414C-AE60-9E6CEA9C45EB}
		{79764597-E50C-47D3-8CD3-8C353882C63D} = {BBF80152-27B8-47FA-BB0E-8A611033214C}
		{6D583BDC-46A7-4BC9-8D44-5924F9EE0CC2} = {BBF80152-27B8-47FA-BB0E-8A611033214C}
		{9AABDAA8-E4F3-414C-AE60-9E6CEA9C45EB} = {BBF80152-27B8-47FA-BB0E-8A611033214C}
		{754279A2-7571-42DF-94D2-2D18FE478D1D} = {C466BC97-8BE1-4F4B-B8A8-A368CA2D1876}
		{BBFFFFA9-F4BC-4C84-9756-74FF2F582670} = {C466BC97-8BE1-4F4B-B8A8-A368CA2D1876}
		{6B5FB1D3-A2B8-4014-8003-EBC7D4740FDC} = {79764597-E50C-47D3-8CD3-8C353882C63D}
		{7E1710B2-8BF3-48C5-B1F9-788B8BC5E39C} = {9AABDAA8-E4F3-414C-AE60-9E6CEA9C45EB}
		{6FB9DE15-02E9-409C-8A20-6B17343AB920} = {6D583BDC-46A7-4BC9-8D44-5924F9EE0CC2}
		{0B569D10-8825-4F4C-820B-7822F3D83D36} = {79764597-E50C-47D3-8CD3-8C353882C63D}
	EndGlobalSection
EndGlobal
